
Microsoft Visual Studio Solution File, Format Version 12.00
# Visual Studio Version 17
VisualStudioVersion = 17.8.34309.116
MinimumVisualStudioVersion = 10.0.40219.1
Project("{FAE04EC0-301F-11D3-BF4B-00C04F79EFBC}") = "ContactBook", "ContactBook.csproj", "{22738340-B2A0-498D-8233-7D90FC0DC13D}"
EndProject
Global
	GlobalSection(SolutionConfigurationPlatforms) = preSolution
		Debug|Any CPU = Debug|Any CPU
		Release|Any CPU = Release|Any CPU
	EndGlobalSection
	GlobalSection(ProjectConfigurationPlatforms) = postSolution
		{22738340-B2A0-498D-8233-7D90FC0DC13D}.Debug|Any CPU.ActiveCfg = Debug|Any CPU
		{22738340-B2A0-498D-8233-7D90FC0DC13D}.Debug|Any CPU.Build.0 = Debug|Any CPU
		{22738340-B2A0-498D-8233-7D90FC0DC13D}.Release|Any CPU.ActiveCfg = Release|Any CPU
		{22738340-B2A0-498D-8233-7D90FC0DC13D}.Release|Any CPU.Build.0 = Release|Any CPU
	EndGlobalSection
	GlobalSection(SolutionProperties) = preSolution
		HideSolutionNode = FALSE
	EndGlobalSection
	GlobalSection(ExtensibilityGlobals) = postSolution
		SolutionGuid = {3855D66F-4A78-4701-B109-58B5B01FA4A6}
	EndGlobalSection
EndGlobal
